
Microsoft Visual Studio Solution File, Format Version 12.00
# Visual Studio Version 17
VisualStudioVersion = 17.3.32929.385
MinimumVisualStudioVersion = 10.0.40219.1
Project("{FAE04EC0-301F-11D3-BF4B-00C04F79EFBC}") = "Tofu.BallBoi.Core", "Tofu.BallBoi.Core\Tofu.BallBoi.Core.csproj", "{7680C679-5EB4-4922-9987-EA8C11C012A1}"
EndProject
Project("{FAE04EC0-301F-11D3-BF4B-00C04F79EFBC}") = "Tofu.BallBoi.Web", "Tofu.BallBoi.Web\Tofu.BallBoi.Web.csproj", "{C8A1E62A-A28D-4C07-A7C6-7DC2AF87320D}"
EndProject
Project("{FAE04EC0-301F-11D3-BF4B-00C04F79EFBC}") = "Tofu.BallBoi.Data", "Tofu.BallBoi.Data\Tofu.BallBoi.Data.csproj", "{162CAAA8-7080-4FC0-9348-474B4A6E8CCC}"
EndProject
Project("{FAE04EC0-301F-11D3-BF4B-00C04F79EFBC}") = "Tofu.BallBoi.Gateway", "Tofu.BallBoi.Gateway\Tofu.BallBoi.Gateway.csproj", "{27129B27-3E63-49DA-BE09-72985A0F92E6}"
EndProject
Project("{FAE04EC0-301F-11D3-BF4B-00C04F79EFBC}") = "Tofu.BallBoi.Authentication", "Tofu.BallBoi.Authentication\Tofu.BallBoi.Authentication.csproj", "{895EDA3D-0186-459D-9354-4338BD682C88}"
EndProject
Global
	GlobalSection(SolutionConfigurationPlatforms) = preSolution
		Debug|Any CPU = Debug|Any CPU
		Release|Any CPU = Release|Any CPU
	EndGlobalSection
	GlobalSection(ProjectConfigurationPlatforms) = postSolution
		{7680C679-5EB4-4922-9987-EA8C11C012A1}.Debug|Any CPU.ActiveCfg = Debug|Any CPU
		{7680C679-5EB4-4922-9987-EA8C11C012A1}.Debug|Any CPU.Build.0 = Debug|Any CPU
		{7680C679-5EB4-4922-9987-EA8C11C012A1}.Release|Any CPU.ActiveCfg = Release|Any CPU
		{7680C679-5EB4-4922-9987-EA8C11C012A1}.Release|Any CPU.Build.0 = Release|Any CPU
		{C8A1E62A-A28D-4C07-A7C6-7DC2AF87320D}.Debug|Any CPU.ActiveCfg = Debug|Any CPU
		{C8A1E62A-A28D-4C07-A7C6-7DC2AF87320D}.Debug|Any CPU.Build.0 = Debug|Any CPU
		{C8A1E62A-A28D-4C07-A7C6-7DC2AF87320D}.Release|Any CPU.ActiveCfg = Release|Any CPU
		{C8A1E62A-A28D-4C07-A7C6-7DC2AF87320D}.Release|Any CPU.Build.0 = Release|Any CPU
		{162CAAA8-7080-4FC0-9348-474B4A6E8CCC}.Debug|Any CPU.ActiveCfg = Debug|Any CPU
		{162CAAA8-7080-4FC0-9348-474B4A6E8CCC}.Debug|Any CPU.Build.0 = Debug|Any CPU
		{162CAAA8-7080-4FC0-9348-474B4A6E8CCC}.Release|Any CPU.ActiveCfg = Release|Any CPU
		{162CAAA8-7080-4FC0-9348-474B4A6E8CCC}.Release|Any CPU.Build.0 = Release|Any CPU
		{27129B27-3E63-49DA-BE09-72985A0F92E6}.Debug|Any CPU.ActiveCfg = Debug|Any CPU
		{27129B27-3E63-49DA-BE09-72985A0F92E6}.Debug|Any CPU.Build.0 = Debug|Any CPU
		{27129B27-3E63-49DA-BE09-72985A0F92E6}.Release|Any CPU.ActiveCfg = Release|Any CPU
		{27129B27-3E63-49DA-BE09-72985A0F92E6}.Release|Any CPU.Build.0 = Release|Any CPU
		{895EDA3D-0186-459D-9354-4338BD682C88}.Debug|Any CPU.ActiveCfg = Debug|Any CPU
		{895EDA3D-0186-459D-9354-4338BD682C88}.Debug|Any CPU.Build.0 = Debug|Any CPU
		{895EDA3D-0186-459D-9354-4338BD682C88}.Release|Any CPU.ActiveCfg = Release|Any CPU
		{895EDA3D-0186-459D-9354-4338BD682C88}.Release|Any CPU.Build.0 = Release|Any CPU
	EndGlobalSection
	GlobalSection(SolutionProperties) = preSolution
		HideSolutionNode = FALSE
	EndGlobalSection
	GlobalSection(ExtensibilityGlobals) = postSolution
		SolutionGuid = {0D8C0AC6-06A1-4685-A132-D0B6FB438A94}
	EndGlobalSection
EndGlobal
